
Microsoft Visual Studio Solution File, Format Version 10.00
# Visual Studio 2008
Project("{D183A3D8-5FD8-494B-B014-37F57B35E655}") = "EBT_COR", "EBT_COR\EBT_COR.dtproj", "{039F6841-EC63-42EE-B28A-B8127B96B11C}"
EndProject
Global
	GlobalSection(SolutionConfigurationPlatforms) = preSolution
		Development|Default = Development|Default
	EndGlobalSection
	GlobalSection(ProjectConfigurationPlatforms) = postSolution
		{039F6841-EC63-42EE-B28A-B8127B96B11C}.Development|Default.ActiveCfg = Development
		{039F6841-EC63-42EE-B28A-B8127B96B11C}.Development|Default.Build.0 = Development
	EndGlobalSection
	GlobalSection(SolutionProperties) = preSolution
		HideSolutionNode = FALSE
	EndGlobalSection
EndGlobal
